
Microsoft Visual Studio Solution File, Format Version 12.00
# Visual Studio Version 17
VisualStudioVersion = 17.9.34714.143
MinimumVisualStudioVersion = 10.0.40219.1
Project("{2150E333-8FDC-42A3-9474-1A3956D46DE8}") = "SolutionItems", "SolutionItems", "{C726E77C-7650-44F3-BF2D-F06CE90ACD04}"
	ProjectSection(SolutionItems) = preProject
		URLs.txt = URLs.txt
	EndProjectSection
EndProject
Project("{2150E333-8FDC-42A3-9474-1A3956D46DE8}") = "src", "src", "{B550AACB-34FA-4419-96DE-B479F5C629ED}"
EndProject
Project("{2150E333-8FDC-42A3-9474-1A3956D46DE8}") = "BuildingBlocks", "BuildingBlocks", "{71E521C0-276D-48E9-A5E3-59F8181A382F}"
EndProject
Project("{2150E333-8FDC-42A3-9474-1A3956D46DE8}") = "ApiGateways", "ApiGateways", "{3471882C-F23A-4976-95F0-32ED58EB375A}"
EndProject
Project("{2150E333-8FDC-42A3-9474-1A3956D46DE8}") = "Services", "Services", "{1D523C74-2729-4764-9A1F-F5319DA8CAC9}"
EndProject
Project("{2150E333-8FDC-42A3-9474-1A3956D46DE8}") = "Clients", "Clients", "{543BB693-04DE-4765-9AA9-55BA482F546B}"
EndProject
Project("{2150E333-8FDC-42A3-9474-1A3956D46DE8}") = "WebApiGateway", "WebApiGateway", "{FF6A999C-824B-4723-939E-8F468FC73317}"
EndProject
Project("{9A19103F-16F7-4668-BE54-9A1E7A4F7556}") = "Web.ApiGateway", "src\ApiGateway\WebApiGateway\Web.ApiGateway\Web.ApiGateway.csproj", "{B8373E02-30FA-48D7-BAAC-96A2763DF403}"
EndProject
Project("{2150E333-8FDC-42A3-9474-1A3956D46DE8}") = "EventBus", "EventBus", "{A93A8C01-7564-4C50-9BCA-242AE3A37D9C}"
EndProject
Project("{9A19103F-16F7-4668-BE54-9A1E7A4F7556}") = "EventBusBase", "src\BuildingBlocks\EventBus\EventBusBase\EventBusBase.csproj", "{9FBA569D-A878-4D2D-AB11-5EAB57F5B121}"
EndProject
Project("{9A19103F-16F7-4668-BE54-9A1E7A4F7556}") = "EventBusFactory", "src\BuildingBlocks\EventBus\EventBusFactory\EventBusFactory.csproj", "{452E9158-E762-4841-99B1-F958BAF8D091}"
EndProject
Project("{9A19103F-16F7-4668-BE54-9A1E7A4F7556}") = "EventBusAzureServiceBus", "src\BuildingBlocks\EventBus\EventBusAzureServiceBus\EventBusAzureServiceBus.csproj", "{2354B522-778C-4064-9704-09CFFF6CB6CC}"
EndProject
Project("{9A19103F-16F7-4668-BE54-9A1E7A4F7556}") = "EventBusRabbitMQ", "src\BuildingBlocks\EventBus\EventBusRabbitMQ\EventBusRabbitMQ.csproj", "{DBD47EC6-19FD-40F6-B73C-2BE87DEBF5A5}"
EndProject
Project("{9A19103F-16F7-4668-BE54-9A1E7A4F7556}") = "WebApp", "src\Clients\BlazorWebApp\WebApp\WebApp.csproj", "{A154B051-C6C5-4725-BF88-FC17E8C1B621}"
EndProject
Project("{2150E333-8FDC-42A3-9474-1A3956D46DE8}") = "NotificationService", "NotificationService", "{25C63E78-6AD2-49AA-89B2-B79B4E010F25}"
EndProject
Project("{2150E333-8FDC-42A3-9474-1A3956D46DE8}") = "BasketService", "BasketService", "{C9ED8138-91AF-476C-85AA-4DBAF1B14440}"
EndProject
Project("{9A19103F-16F7-4668-BE54-9A1E7A4F7556}") = "BasketService.Api", "src\Services\BasketService\BasketService.Api\BasketService.Api.csproj", "{D9719671-1AB6-4E3B-A84A-D15A379E131C}"
EndProject
Project("{2150E333-8FDC-42A3-9474-1A3956D46DE8}") = "IdentityService", "IdentityService", "{E99C7793-A5DC-4303-A45D-6CE2C52C55AF}"
EndProject
Project("{2150E333-8FDC-42A3-9474-1A3956D46DE8}") = "OrderService", "OrderService", "{CACB16AB-5165-4D94-99C0-DC0BD44F3041}"
EndProject
Project("{2150E333-8FDC-42A3-9474-1A3956D46DE8}") = "PaymentService", "PaymentService", "{0701E206-B15E-494D-B59D-F398CB91412B}"
EndProject
Project("{2150E333-8FDC-42A3-9474-1A3956D46DE8}") = "CatalogService", "CatalogService", "{1AEF1CA1-ABDE-4B62-869E-8027BEFD0836}"
EndProject
Project("{9A19103F-16F7-4668-BE54-9A1E7A4F7556}") = "CatalogService.Api", "src\Services\CatalogService\CatalogService.Api\CatalogService.Api.csproj", "{E55E36FE-6EDD-4EA3-B67C-424DEC4DEC39}"
EndProject
Project("{9A19103F-16F7-4668-BE54-9A1E7A4F7556}") = "IdentityService.Api", "src\Services\IdentityService\IdentityService.Api\IdentityService.Api.csproj", "{8E25AB70-D431-4B36-9F7B-37790C73285B}"
EndProject
Project("{2150E333-8FDC-42A3-9474-1A3956D46DE8}") = "Core", "Core", "{E98A800E-5760-4E1B-8714-0365993601D4}"
EndProject
Project("{2150E333-8FDC-42A3-9474-1A3956D46DE8}") = "Infrastructure", "Infrastructure", "{F6F8832E-37C9-4B59-862E-01A5DC9F4F22}"
EndProject
Project("{2150E333-8FDC-42A3-9474-1A3956D46DE8}") = "Presenter", "Presenter", "{A26A50EE-493A-4579-98EF-B0B85C971CAE}"
EndProject
Project("{9A19103F-16F7-4668-BE54-9A1E7A4F7556}") = "OrderService.Domain", "src\Services\OrderService\Core\OrderService.Domain\OrderService.Domain.csproj", "{CF5ED62B-C342-49FF-86DC-FBE057460F80}"
EndProject
Project("{9A19103F-16F7-4668-BE54-9A1E7A4F7556}") = "OrderService.Application", "src\Services\OrderService\Core\OrderService.Application\OrderService.Application.csproj", "{91757199-AAA4-4626-B27D-366B78A23692}"
EndProject
Project("{9A19103F-16F7-4668-BE54-9A1E7A4F7556}") = "OrderService.Infrastructure", "src\Services\OrderService\Infrastructure\OrderService.Infrastructure\OrderService.Infrastructure.csproj", "{8BF9393D-6237-43A1-AC63-1EB162780194}"
EndProject
Project("{9A19103F-16F7-4668-BE54-9A1E7A4F7556}") = "OrderService.Api", "src\Services\OrderService\Presenter\OrderService.Api\OrderService.Api.csproj", "{E165AADF-3E29-4D4D-AFCD-CC0267B65561}"
EndProject
Project("{9A19103F-16F7-4668-BE54-9A1E7A4F7556}") = "PaymentService.Api", "src\Services\PaymentService\PaymentService.Api\PaymentService.Api.csproj", "{D8A40F25-D943-4A5A-A60C-DC587FA08880}"
EndProject
Project("{9A19103F-16F7-4668-BE54-9A1E7A4F7556}") = "NotificationService", "src\Services\NotificationService\NotificationService\NotificationService.csproj", "{82DE85A0-994E-43EA-8E1E-4977F18E594A}"
EndProject
Project("{2150E333-8FDC-42A3-9474-1A3956D46DE8}") = "Tests", "Tests", "{A98BF968-19F6-42C1-97C2-DE0503B976BF}"
EndProject
Project("{2150E333-8FDC-42A3-9474-1A3956D46DE8}") = "BuildingBlocks", "BuildingBlocks", "{15BE6356-0E68-432B-B921-48EFA257F64C}"
EndProject
Project("{9A19103F-16F7-4668-BE54-9A1E7A4F7556}") = "EventBusUnitTest", "Test\BuildingBlocks\EventBusUnitTest\EventBusUnitTest.csproj", "{BC3AA140-197A-405A-87AF-E480F94EF212}"
EndProject
Global
	GlobalSection(SolutionConfigurationPlatforms) = preSolution
		Debug|Any CPU = Debug|Any CPU
		Release|Any CPU = Release|Any CPU
	EndGlobalSection
	GlobalSection(ProjectConfigurationPlatforms) = postSolution
		{B8373E02-30FA-48D7-BAAC-96A2763DF403}.Debug|Any CPU.ActiveCfg = Debug|Any CPU
		{B8373E02-30FA-48D7-BAAC-96A2763DF403}.Debug|Any CPU.Build.0 = Debug|Any CPU
		{B8373E02-30FA-48D7-BAAC-96A2763DF403}.Release|Any CPU.ActiveCfg = Release|Any CPU
		{B8373E02-30FA-48D7-BAAC-96A2763DF403}.Release|Any CPU.Build.0 = Release|Any CPU
		{9FBA569D-A878-4D2D-AB11-5EAB57F5B121}.Debug|Any CPU.ActiveCfg = Debug|Any CPU
		{9FBA569D-A878-4D2D-AB11-5EAB57F5B121}.Debug|Any CPU.Build.0 = Debug|Any CPU
		{9FBA569D-A878-4D2D-AB11-5EAB57F5B121}.Release|Any CPU.ActiveCfg = Release|Any CPU
		{9FBA569D-A878-4D2D-AB11-5EAB57F5B121}.Release|Any CPU.Build.0 = Release|Any CPU
		{452E9158-E762-4841-99B1-F958BAF8D091}.Debug|Any CPU.ActiveCfg = Debug|Any CPU
		{452E9158-E762-4841-99B1-F958BAF8D091}.Debug|Any CPU.Build.0 = Debug|Any CPU
		{452E9158-E762-4841-99B1-F958BAF8D091}.Release|Any CPU.ActiveCfg = Release|Any CPU
		{452E9158-E762-4841-99B1-F958BAF8D091}.Release|Any CPU.Build.0 = Release|Any CPU
		{2354B522-778C-4064-9704-09CFFF6CB6CC}.Debug|Any CPU.ActiveCfg = Debug|Any CPU
		{2354B522-778C-4064-9704-09CFFF6CB6CC}.Debug|Any CPU.Build.0 = Debug|Any CPU
		{2354B522-778C-4064-9704-09CFFF6CB6CC}.Release|Any CPU.ActiveCfg = Release|Any CPU
		{2354B522-778C-4064-9704-09CFFF6CB6CC}.Release|Any CPU.Build.0 = Release|Any CPU
		{DBD47EC6-19FD-40F6-B73C-2BE87DEBF5A5}.Debug|Any CPU.ActiveCfg = Debug|Any CPU
		{DBD47EC6-19FD-40F6-B73C-2BE87DEBF5A5}.Debug|Any CPU.Build.0 = Debug|Any CPU
		{DBD47EC6-19FD-40F6-B73C-2BE87DEBF5A5}.Release|Any CPU.ActiveCfg = Release|Any CPU
		{DBD47EC6-19FD-40F6-B73C-2BE87DEBF5A5}.Release|Any CPU.Build.0 = Release|Any CPU
		{A154B051-C6C5-4725-BF88-FC17E8C1B621}.Debug|Any CPU.ActiveCfg = Debug|Any CPU
		{A154B051-C6C5-4725-BF88-FC17E8C1B621}.Debug|Any CPU.Build.0 = Debug|Any CPU
		{A154B051-C6C5-4725-BF88-FC17E8C1B621}.Release|Any CPU.ActiveCfg = Release|Any CPU
		{A154B051-C6C5-4725-BF88-FC17E8C1B621}.Release|Any CPU.Build.0 = Release|Any CPU
		{D9719671-1AB6-4E3B-A84A-D15A379E131C}.Debug|Any CPU.ActiveCfg = Debug|Any CPU
		{D9719671-1AB6-4E3B-A84A-D15A379E131C}.Debug|Any CPU.Build.0 = Debug|Any CPU
		{D9719671-1AB6-4E3B-A84A-D15A379E131C}.Release|Any CPU.ActiveCfg = Release|Any CPU
		{D9719671-1AB6-4E3B-A84A-D15A379E131C}.Release|Any CPU.Build.0 = Release|Any CPU
		{E55E36FE-6EDD-4EA3-B67C-424DEC4DEC39}.Debug|Any CPU.ActiveCfg = Debug|Any CPU
		{E55E36FE-6EDD-4EA3-B67C-424DEC4DEC39}.Debug|Any CPU.Build.0 = Debug|Any CPU
		{E55E36FE-6EDD-4EA3-B67C-424DEC4DEC39}.Release|Any CPU.ActiveCfg = Release|Any CPU
		{E55E36FE-6EDD-4EA3-B67C-424DEC4DEC39}.Release|Any CPU.Build.0 = Release|Any CPU
		{8E25AB70-D431-4B36-9F7B-37790C73285B}.Debug|Any CPU.ActiveCfg = Debug|Any CPU
		{8E25AB70-D431-4B36-9F7B-37790C73285B}.Debug|Any CPU.Build.0 = Debug|Any CPU
		{8E25AB70-D431-4B36-9F7B-37790C73285B}.Release|Any CPU.ActiveCfg = Release|Any CPU
		{8E25AB70-D431-4B36-9F7B-37790C73285B}.Release|Any CPU.Build.0 = Release|Any CPU
		{CF5ED62B-C342-49FF-86DC-FBE057460F80}.Debug|Any CPU.ActiveCfg = Debug|Any CPU
		{CF5ED62B-C342-49FF-86DC-FBE057460F80}.Debug|Any CPU.Build.0 = Debug|Any CPU
		{CF5ED62B-C342-49FF-86DC-FBE057460F80}.Release|Any CPU.ActiveCfg = Release|Any CPU
		{CF5ED62B-C342-49FF-86DC-FBE057460F80}.Release|Any CPU.Build.0 = Release|Any CPU
		{91757199-AAA4-4626-B27D-366B78A23692}.Debug|Any CPU.ActiveCfg = Debug|Any CPU
		{91757199-AAA4-4626-B27D-366B78A23692}.Debug|Any CPU.Build.0 = Debug|Any CPU
		{91757199-AAA4-4626-B27D-366B78A23692}.Release|Any CPU.ActiveCfg = Release|Any CPU
		{91757199-AAA4-4626-B27D-366B78A23692}.Release|Any CPU.Build.0 = Release|Any CPU
		{8BF9393D-6237-43A1-AC63-1EB162780194}.Debug|Any CPU.ActiveCfg = Debug|Any CPU
		{8BF9393D-6237-43A1-AC63-1EB162780194}.Debug|Any CPU.Build.0 = Debug|Any CPU
		{8BF9393D-6237-43A1-AC63-1EB162780194}.Release|Any CPU.ActiveCfg = Release|Any CPU
		{8BF9393D-6237-43A1-AC63-1EB162780194}.Release|Any CPU.Build.0 = Release|Any CPU
		{E165AADF-3E29-4D4D-AFCD-CC0267B65561}.Debug|Any CPU.ActiveCfg = Debug|Any CPU
		{E165AADF-3E29-4D4D-AFCD-CC0267B65561}.Debug|Any CPU.Build.0 = Debug|Any CPU
		{E165AADF-3E29-4D4D-AFCD-CC0267B65561}.Release|Any CPU.ActiveCfg = Release|Any CPU
		{E165AADF-3E29-4D4D-AFCD-CC0267B65561}.Release|Any CPU.Build.0 = Release|Any CPU
		{D8A40F25-D943-4A5A-A60C-DC587FA08880}.Debug|Any CPU.ActiveCfg = Debug|Any CPU
		{D8A40F25-D943-4A5A-A60C-DC587FA08880}.Debug|Any CPU.Build.0 = Debug|Any CPU
		{D8A40F25-D943-4A5A-A60C-DC587FA08880}.Release|Any CPU.ActiveCfg = Release|Any CPU
		{D8A40F25-D943-4A5A-A60C-DC587FA08880}.Release|Any CPU.Build.0 = Release|Any CPU
		{82DE85A0-994E-43EA-8E1E-4977F18E594A}.Debug|Any CPU.ActiveCfg = Debug|Any CPU
		{82DE85A0-994E-43EA-8E1E-4977F18E594A}.Debug|Any CPU.Build.0 = Debug|Any CPU
		{82DE85A0-994E-43EA-8E1E-4977F18E594A}.Release|Any CPU.ActiveCfg = Release|Any CPU
		{82DE85A0-994E-43EA-8E1E-4977F18E594A}.Release|Any CPU.Build.0 = Release|Any CPU
		{BC3AA140-197A-405A-87AF-E480F94EF212}.Debug|Any CPU.ActiveCfg = Debug|Any CPU
		{BC3AA140-197A-405A-87AF-E480F94EF212}.Debug|Any CPU.Build.0 = Debug|Any CPU
		{BC3AA140-197A-405A-87AF-E480F94EF212}.Release|Any CPU.ActiveCfg = Release|Any CPU
		{BC3AA140-197A-405A-87AF-E480F94EF212}.Release|Any CPU.Build.0 = Release|Any CPU
	EndGlobalSection
	GlobalSection(SolutionProperties) = preSolution
		HideSolutionNode = FALSE
	EndGlobalSection
	GlobalSection(NestedProjects) = preSolution
		{71E521C0-276D-48E9-A5E3-59F8181A382F} = {B550AACB-34FA-4419-96DE-B479F5C629ED}
		{3471882C-F23A-4976-95F0-32ED58EB375A} = {B550AACB-34FA-4419-96DE-B479F5C629ED}
		{1D523C74-2729-4764-9A1F-F5319DA8CAC9} = {B550AACB-34FA-4419-96DE-B479F5C629ED}
		{543BB693-04DE-4765-9AA9-55BA482F546B} = {B550AACB-34FA-4419-96DE-B479F5C629ED}
		{FF6A999C-824B-4723-939E-8F468FC73317} = {3471882C-F23A-4976-95F0-32ED58EB375A}
		{B8373E02-30FA-48D7-BAAC-96A2763DF403} = {FF6A999C-824B-4723-939E-8F468FC73317}
		{A93A8C01-7564-4C50-9BCA-242AE3A37D9C} = {71E521C0-276D-48E9-A5E3-59F8181A382F}
		{9FBA569D-A878-4D2D-AB11-5EAB57F5B121} = {A93A8C01-7564-4C50-9BCA-242AE3A37D9C}
		{452E9158-E762-4841-99B1-F958BAF8D091} = {A93A8C01-7564-4C50-9BCA-242AE3A37D9C}
		{2354B522-778C-4064-9704-09CFFF6CB6CC} = {A93A8C01-7564-4C50-9BCA-242AE3A37D9C}
		{DBD47EC6-19FD-40F6-B73C-2BE87DEBF5A5} = {A93A8C01-7564-4C50-9BCA-242AE3A37D9C}
		{A154B051-C6C5-4725-BF88-FC17E8C1B621} = {543BB693-04DE-4765-9AA9-55BA482F546B}
		{25C63E78-6AD2-49AA-89B2-B79B4E010F25} = {1D523C74-2729-4764-9A1F-F5319DA8CAC9}
		{C9ED8138-91AF-476C-85AA-4DBAF1B14440} = {1D523C74-2729-4764-9A1F-F5319DA8CAC9}
		{D9719671-1AB6-4E3B-A84A-D15A379E131C} = {C9ED8138-91AF-476C-85AA-4DBAF1B14440}
		{E99C7793-A5DC-4303-A45D-6CE2C52C55AF} = {1D523C74-2729-4764-9A1F-F5319DA8CAC9}
		{CACB16AB-5165-4D94-99C0-DC0BD44F3041} = {1D523C74-2729-4764-9A1F-F5319DA8CAC9}
		{0701E206-B15E-494D-B59D-F398CB91412B} = {1D523C74-2729-4764-9A1F-F5319DA8CAC9}
		{1AEF1CA1-ABDE-4B62-869E-8027BEFD0836} = {1D523C74-2729-4764-9A1F-F5319DA8CAC9}
		{E55E36FE-6EDD-4EA3-B67C-424DEC4DEC39} = {1AEF1CA1-ABDE-4B62-869E-8027BEFD0836}
		{8E25AB70-D431-4B36-9F7B-37790C73285B} = {E99C7793-A5DC-4303-A45D-6CE2C52C55AF}
		{E98A800E-5760-4E1B-8714-0365993601D4} = {CACB16AB-5165-4D94-99C0-DC0BD44F3041}
		{F6F8832E-37C9-4B59-862E-01A5DC9F4F22} = {CACB16AB-5165-4D94-99C0-DC0BD44F3041}
		{A26A50EE-493A-4579-98EF-B0B85C971CAE} = {CACB16AB-5165-4D94-99C0-DC0BD44F3041}
		{CF5ED62B-C342-49FF-86DC-FBE057460F80} = {E98A800E-5760-4E1B-8714-0365993601D4}
		{91757199-AAA4-4626-B27D-366B78A23692} = {E98A800E-5760-4E1B-8714-0365993601D4}
		{8BF9393D-6237-43A1-AC63-1EB162780194} = {F6F8832E-37C9-4B59-862E-01A5DC9F4F22}
		{E165AADF-3E29-4D4D-AFCD-CC0267B65561} = {A26A50EE-493A-4579-98EF-B0B85C971CAE}
		{D8A40F25-D943-4A5A-A60C-DC587FA08880} = {0701E206-B15E-494D-B59D-F398CB91412B}
		{82DE85A0-994E-43EA-8E1E-4977F18E594A} = {25C63E78-6AD2-49AA-89B2-B79B4E010F25}
		{15BE6356-0E68-432B-B921-48EFA257F64C} = {A98BF968-19F6-42C1-97C2-DE0503B976BF}
		{BC3AA140-197A-405A-87AF-E480F94EF212} = {15BE6356-0E68-432B-B921-48EFA257F64C}
	EndGlobalSection
	GlobalSection(ExtensibilityGlobals) = postSolution
		SolutionGuid = {01E9515F-5670-410E-9B6E-25790BB1205C}
	EndGlobalSection
EndGlobal
